
Microsoft Visual Studio Solution File, Format Version 12.00
# Visual Studio Version 17
VisualStudioVersion = 17.0.32112.339
MinimumVisualStudioVersion = 10.0.40219.1
Project("{9A19103F-16F7-4668-BE54-9A1E7A4F7556}") = "KafkaLagMonitor", "KafkaLagMonitor\KafkaLagMonitor.csproj", "{FE1E802D-C1D4-40D9-BC4D-BD317B84E903}"
EndProject
Project("{9A19103F-16F7-4668-BE54-9A1E7A4F7556}") = "Abstractions", "Abstractions\Abstractions.csproj", "{06075FB3-5FE1-4FE5-9A87-788BDD933D5C}"
EndProject
Project("{9A19103F-16F7-4668-BE54-9A1E7A4F7556}") = "Logic", "Logic\Logic.csproj", "{15565393-488F-445D-AF8E-0C3C171DE553}"
EndProject
Project("{9A19103F-16F7-4668-BE54-9A1E7A4F7556}") = "Export", "Export\Export.csproj", "{E1697F37-10FD-44F2-B957-D9D9FCE2B0D1}"
EndProject
Project("{9A19103F-16F7-4668-BE54-9A1E7A4F7556}") = "Models", "Models\Models.csproj", "{8E6CF04A-C872-44B6-876C-85E285FCC79A}"
EndProject
Project("{9A19103F-16F7-4668-BE54-9A1E7A4F7556}") = "Models.Tests", "Models.Tests\Models.Tests.csproj", "{6418C2D6-8519-496D-B1A6-60BB0A9E3C65}"
EndProject
Project("{9A19103F-16F7-4668-BE54-9A1E7A4F7556}") = "Export.Tests", "Export.Tests\Export.Tests.csproj", "{8279377B-974F-42E4-A8B1-9652D6C63F79}"
EndProject
Project("{FAE04EC0-301F-11D3-BF4B-00C04F79EFBC}") = "Logic.Tests", "Logic.Tests\Logic.Tests.csproj", "{1D649226-3698-4FD1-BF02-CB220446B6D2}"
EndProject
Global
	GlobalSection(SolutionConfigurationPlatforms) = preSolution
		Debug|x64 = Debug|x64
		Debug|x64 = Debug|x64
		Release|x64 = Release|x64
		Release|x64 = Release|x64
	EndGlobalSection
	GlobalSection(ProjectConfigurationPlatforms) = postSolution
		{FE1E802D-C1D4-40D9-BC4D-BD317B84E903}.Debug|x64.ActiveCfg = Debug|x64
		{FE1E802D-C1D4-40D9-BC4D-BD317B84E903}.Debug|x64.Build.0 = Debug|x64
		{FE1E802D-C1D4-40D9-BC4D-BD317B84E903}.Debug|x64.ActiveCfg = Debug|x64
		{FE1E802D-C1D4-40D9-BC4D-BD317B84E903}.Debug|x64.Build.0 = Debug|x64
		{FE1E802D-C1D4-40D9-BC4D-BD317B84E903}.Release|x64.ActiveCfg = Release|x64
		{FE1E802D-C1D4-40D9-BC4D-BD317B84E903}.Release|x64.Build.0 = Release|x64
		{FE1E802D-C1D4-40D9-BC4D-BD317B84E903}.Release|x64.ActiveCfg = Release|x64
		{FE1E802D-C1D4-40D9-BC4D-BD317B84E903}.Release|x64.Build.0 = Release|x64
		{06075FB3-5FE1-4FE5-9A87-788BDD933D5C}.Debug|x64.ActiveCfg = Debug|x64
		{06075FB3-5FE1-4FE5-9A87-788BDD933D5C}.Debug|x64.Build.0 = Debug|x64
		{06075FB3-5FE1-4FE5-9A87-788BDD933D5C}.Debug|x64.ActiveCfg = Debug|x64
		{06075FB3-5FE1-4FE5-9A87-788BDD933D5C}.Debug|x64.Build.0 = Debug|x64
		{06075FB3-5FE1-4FE5-9A87-788BDD933D5C}.Release|x64.ActiveCfg = Release|x64
		{06075FB3-5FE1-4FE5-9A87-788BDD933D5C}.Release|x64.Build.0 = Release|x64
		{06075FB3-5FE1-4FE5-9A87-788BDD933D5C}.Release|x64.ActiveCfg = Release|x64
		{06075FB3-5FE1-4FE5-9A87-788BDD933D5C}.Release|x64.Build.0 = Release|x64
		{15565393-488F-445D-AF8E-0C3C171DE553}.Debug|x64.ActiveCfg = Debug|x64
		{15565393-488F-445D-AF8E-0C3C171DE553}.Debug|x64.Build.0 = Debug|x64
		{15565393-488F-445D-AF8E-0C3C171DE553}.Debug|x64.ActiveCfg = Debug|x64
		{15565393-488F-445D-AF8E-0C3C171DE553}.Debug|x64.Build.0 = Debug|x64
		{15565393-488F-445D-AF8E-0C3C171DE553}.Release|x64.ActiveCfg = Release|x64
		{15565393-488F-445D-AF8E-0C3C171DE553}.Release|x64.Build.0 = Release|x64
		{15565393-488F-445D-AF8E-0C3C171DE553}.Release|x64.ActiveCfg = Release|x64
		{15565393-488F-445D-AF8E-0C3C171DE553}.Release|x64.Build.0 = Release|x64
		{E1697F37-10FD-44F2-B957-D9D9FCE2B0D1}.Debug|x64.ActiveCfg = Debug|x64
		{E1697F37-10FD-44F2-B957-D9D9FCE2B0D1}.Debug|x64.Build.0 = Debug|x64
		{E1697F37-10FD-44F2-B957-D9D9FCE2B0D1}.Debug|x64.ActiveCfg = Debug|x64
		{E1697F37-10FD-44F2-B957-D9D9FCE2B0D1}.Debug|x64.Build.0 = Debug|x64
		{E1697F37-10FD-44F2-B957-D9D9FCE2B0D1}.Release|x64.ActiveCfg = Release|x64
		{E1697F37-10FD-44F2-B957-D9D9FCE2B0D1}.Release|x64.Build.0 = Release|x64
		{E1697F37-10FD-44F2-B957-D9D9FCE2B0D1}.Release|x64.ActiveCfg = Release|x64
		{E1697F37-10FD-44F2-B957-D9D9FCE2B0D1}.Release|x64.Build.0 = Release|x64
		{8E6CF04A-C872-44B6-876C-85E285FCC79A}.Debug|x64.ActiveCfg = Debug|x64
		{8E6CF04A-C872-44B6-876C-85E285FCC79A}.Debug|x64.Build.0 = Debug|x64
		{8E6CF04A-C872-44B6-876C-85E285FCC79A}.Debug|x64.ActiveCfg = Debug|x64
		{8E6CF04A-C872-44B6-876C-85E285FCC79A}.Debug|x64.Build.0 = Debug|x64
		{8E6CF04A-C872-44B6-876C-85E285FCC79A}.Release|x64.ActiveCfg = Release|x64
		{8E6CF04A-C872-44B6-876C-85E285FCC79A}.Release|x64.Build.0 = Release|x64
		{8E6CF04A-C872-44B6-876C-85E285FCC79A}.Release|x64.ActiveCfg = Release|x64
		{8E6CF04A-C872-44B6-876C-85E285FCC79A}.Release|x64.Build.0 = Release|x64
		{6418C2D6-8519-496D-B1A6-60BB0A9E3C65}.Debug|x64.ActiveCfg = Debug|x64
		{6418C2D6-8519-496D-B1A6-60BB0A9E3C65}.Debug|x64.Build.0 = Debug|x64
		{6418C2D6-8519-496D-B1A6-60BB0A9E3C65}.Debug|x64.ActiveCfg = Debug|x64
		{6418C2D6-8519-496D-B1A6-60BB0A9E3C65}.Debug|x64.Build.0 = Debug|x64
		{6418C2D6-8519-496D-B1A6-60BB0A9E3C65}.Release|x64.ActiveCfg = Release|x64
		{6418C2D6-8519-496D-B1A6-60BB0A9E3C65}.Release|x64.Build.0 = Release|x64
		{6418C2D6-8519-496D-B1A6-60BB0A9E3C65}.Release|x64.ActiveCfg = Release|x64
		{6418C2D6-8519-496D-B1A6-60BB0A9E3C65}.Release|x64.Build.0 = Release|x64
		{8279377B-974F-42E4-A8B1-9652D6C63F79}.Debug|x64.ActiveCfg = Debug|x64
		{8279377B-974F-42E4-A8B1-9652D6C63F79}.Debug|x64.Build.0 = Debug|x64
		{8279377B-974F-42E4-A8B1-9652D6C63F79}.Debug|x64.ActiveCfg = Debug|x64
		{8279377B-974F-42E4-A8B1-9652D6C63F79}.Debug|x64.Build.0 = Debug|x64
		{8279377B-974F-42E4-A8B1-9652D6C63F79}.Release|x64.ActiveCfg = Release|x64
		{8279377B-974F-42E4-A8B1-9652D6C63F79}.Release|x64.Build.0 = Release|x64
		{8279377B-974F-42E4-A8B1-9652D6C63F79}.Release|x64.ActiveCfg = Release|x64
		{8279377B-974F-42E4-A8B1-9652D6C63F79}.Release|x64.Build.0 = Release|x64
		{1D649226-3698-4FD1-BF02-CB220446B6D2}.Debug|x64.ActiveCfg = Debug|x64
		{1D649226-3698-4FD1-BF02-CB220446B6D2}.Debug|x64.Build.0 = Debug|x64
		{1D649226-3698-4FD1-BF02-CB220446B6D2}.Debug|x64.ActiveCfg = Debug|x64
		{1D649226-3698-4FD1-BF02-CB220446B6D2}.Debug|x64.Build.0 = Debug|x64
		{1D649226-3698-4FD1-BF02-CB220446B6D2}.Release|x64.ActiveCfg = Release|x64
		{1D649226-3698-4FD1-BF02-CB220446B6D2}.Release|x64.Build.0 = Release|x64
		{1D649226-3698-4FD1-BF02-CB220446B6D2}.Release|x64.ActiveCfg = Release|x64
		{1D649226-3698-4FD1-BF02-CB220446B6D2}.Release|x64.Build.0 = Release|x64
	EndGlobalSection
	GlobalSection(SolutionProperties) = preSolution
		HideSolutionNode = FALSE
	EndGlobalSection
	GlobalSection(ExtensibilityGlobals) = postSolution
		SolutionGuid = {E89E96EC-623C-490A-BB0E-FE334273BDEB}
	EndGlobalSection
EndGlobal
